
Microsoft Visual Studio Solution File, Format Version 12.00
Project("{FAE04EC0-301F-11D3-BF4B-00C04F79EFBC}") = "NWalks.API", "NWalks.API\NWalks.API.csproj", "{D6A97C8D-0CF7-4598-90CC-84DD3A789D6C}"
EndProject
Global
	GlobalSection(SolutionConfigurationPlatforms) = preSolution
		Debug|Any CPU = Debug|Any CPU
		Release|Any CPU = Release|Any CPU
	EndGlobalSection
	GlobalSection(ProjectConfigurationPlatforms) = postSolution
		{D6A97C8D-0CF7-4598-90CC-84DD3A789D6C}.Debug|Any CPU.ActiveCfg = Debug|Any CPU
		{D6A97C8D-0CF7-4598-90CC-84DD3A789D6C}.Debug|Any CPU.Build.0 = Debug|Any CPU
		{D6A97C8D-0CF7-4598-90CC-84DD3A789D6C}.Release|Any CPU.ActiveCfg = Release|Any CPU
		{D6A97C8D-0CF7-4598-90CC-84DD3A789D6C}.Release|Any CPU.Build.0 = Release|Any CPU
	EndGlobalSection
EndGlobal
